
Microsoft Visual Studio Solution File, Format Version 12.00
# Visual Studio Version 16
VisualStudioVersion = 16.0.31129.286
MinimumVisualStudioVersion = 10.0.40219.1
Project("{9A19103F-16F7-4668-BE54-9A1E7A4F7556}") = "User.Service.API", "User.Service.API\User.Service.API.csproj", "{81CD5E20-B47A-4657-A1AE-3D1760E330B7}"
EndProject
Project("{FAE04EC0-301F-11D3-BF4B-00C04F79EFBC}") = "User.Service.IntegrationTests", "User.Service.IntegrationTests\User.Service.IntegrationTests.csproj", "{60C9DE72-ECF8-4951-9109-866CC51A22B4}"
EndProject
Global
	GlobalSection(SolutionConfigurationPlatforms) = preSolution
		Debug|Any CPU = Debug|Any CPU
		Release|Any CPU = Release|Any CPU
	EndGlobalSection
	GlobalSection(ProjectConfigurationPlatforms) = postSolution
		{81CD5E20-B47A-4657-A1AE-3D1760E330B7}.Debug|Any CPU.ActiveCfg = Debug|Any CPU
		{81CD5E20-B47A-4657-A1AE-3D1760E330B7}.Debug|Any CPU.Build.0 = Debug|Any CPU
		{81CD5E20-B47A-4657-A1AE-3D1760E330B7}.Release|Any CPU.ActiveCfg = Release|Any CPU
		{81CD5E20-B47A-4657-A1AE-3D1760E330B7}.Release|Any CPU.Build.0 = Release|Any CPU
		{60C9DE72-ECF8-4951-9109-866CC51A22B4}.Debug|Any CPU.ActiveCfg = Debug|Any CPU
		{60C9DE72-ECF8-4951-9109-866CC51A22B4}.Debug|Any CPU.Build.0 = Debug|Any CPU
		{60C9DE72-ECF8-4951-9109-866CC51A22B4}.Release|Any CPU.ActiveCfg = Release|Any CPU
		{60C9DE72-ECF8-4951-9109-866CC51A22B4}.Release|Any CPU.Build.0 = Release|Any CPU
	EndGlobalSection
	GlobalSection(SolutionProperties) = preSolution
		HideSolutionNode = FALSE
	EndGlobalSection
	GlobalSection(ExtensibilityGlobals) = postSolution
		SolutionGuid = {E808377C-DB94-42FB-946E-C9BC70983CCA}
	EndGlobalSection
EndGlobal
